
Microsoft Visual Studio Solution File, Format Version 12.00
# Visual Studio Version 16
VisualStudioVersion = 16.0.30611.23
MinimumVisualStudioVersion = 10.0.40219.1
Project("{FAE04EC0-301F-11D3-BF4B-00C04F79EFBC}") = "metoditriangoli", "metoditriangoli\metoditriangoli.csproj", "{13C1688B-9A4F-4BC5-8AA0-A80A1A60CD62}"
EndProject
Project("{FAE04EC0-301F-11D3-BF4B-00C04F79EFBC}") = "libreriatriangoli", "libreriatriangoli\libreriatriangoli.csproj", "{ABD63021-3385-4852-ABAF-984D3DD0CC78}"
EndProject
Global
	GlobalSection(SolutionConfigurationPlatforms) = preSolution
		Debug|Any CPU = Debug|Any CPU
		Release|Any CPU = Release|Any CPU
	EndGlobalSection
	GlobalSection(ProjectConfigurationPlatforms) = postSolution
		{13C1688B-9A4F-4BC5-8AA0-A80A1A60CD62}.Debug|Any CPU.ActiveCfg = Debug|Any CPU
		{13C1688B-9A4F-4BC5-8AA0-A80A1A60CD62}.Debug|Any CPU.Build.0 = Debug|Any CPU
		{13C1688B-9A4F-4BC5-8AA0-A80A1A60CD62}.Release|Any CPU.ActiveCfg = Release|Any CPU
		{13C1688B-9A4F-4BC5-8AA0-A80A1A60CD62}.Release|Any CPU.Build.0 = Release|Any CPU
		{ABD63021-3385-4852-ABAF-984D3DD0CC78}.Debug|Any CPU.ActiveCfg = Debug|Any CPU
		{ABD63021-3385-4852-ABAF-984D3DD0CC78}.Debug|Any CPU.Build.0 = Debug|Any CPU
		{ABD63021-3385-4852-ABAF-984D3DD0CC78}.Release|Any CPU.ActiveCfg = Release|Any CPU
		{ABD63021-3385-4852-ABAF-984D3DD0CC78}.Release|Any CPU.Build.0 = Release|Any CPU
	EndGlobalSection
	GlobalSection(SolutionProperties) = preSolution
		HideSolutionNode = FALSE
	EndGlobalSection
	GlobalSection(ExtensibilityGlobals) = postSolution
		SolutionGuid = {7465B18F-BF8D-47FA-AA54-EFAE2C3E0D7F}
	EndGlobalSection
EndGlobal
